{
  "lockfileVersion": 1,
  "dependencies": {
    "angular": {
      "version": "1.5.3",
      "resolved": "https://registry.npmjs.org/angular/-/angular-1.5.3.tgz",
      "integrity": "sha1-N8LxmK52wtbzcXpOzvHN3LBIr3k="
    },
    "angular-animate": {
      "version": "1.5.3",
      "resolved": "https://registry.npmjs.org/angular-animate/-/angular-animate-1.5.3.tgz",
      "integrity": "sha1-IZuN4tqGVMdkItq1jkj7CCbYZ+4="
    },
    "angular-ui-bootstrap": {
      "version": "1.3.3",
      "resolved": "https://registry.npmjs.org/angular-ui-bootstrap/-/angular-ui-bootstrap-1.3.3.tgz",
      "integrity": "sha1-SCD4ldQzwXq+tKxzh/LxIsv4wRw="
    },
    "angular-ui-grid": {
      "version": "4.0.6",
      "resolved": "https://registry.npmjs.org/angular-ui-grid/-/angular-ui-grid-4.0.6.tgz",
      "integrity": "sha1-XqqmfyPPBj2ZshjsWK5cFRYQBc4="
    },
    "angular-utils-pagination": {
      "version": "0.11.1",
      "resolved": "https://registry.npmjs.org/angular-utils-pagination/-/angular-utils-pagination-0.11.1.tgz",
      "integrity": "sha1-7618iHm+swrT13cH+T49DvUfLGY="
    },
    "angularjs-dropdown-multiselect": {
      "version": "2.0.0-beta.10",
      "resolved": "https://registry.npmjs.org/angularjs-dropdown-multiselect/-/angularjs-dropdown-multiselect-2.0.0-beta.10.tgz",
      "integrity": "sha1-/7R63w33M/PalM5JyE+PBdJHKl8="
    },
    "bootstrap": {
      "version": "3.3.6",
      "resolved": "https://registry.npmjs.org/bootstrap/-/bootstrap-3.3.6.tgz",
      "integrity": "sha1-jej3SdyKdD8qxbUQ2Yg3Hj2qZYk="
    }
  }
}
